
Microsoft Visual Studio Solution File, Format Version 12.00
# Visual Studio Version 17
VisualStudioVersion = 17.2.32630.192
MinimumVisualStudioVersion = 10.0.40219.1
Project("{FAE04EC0-301F-11D3-BF4B-00C04F79EFBC}") = "AutoOverlay", "AutoOverlay\AutoOverlay.csproj", "{570FD8EE-8E77-4AB2-A985-EA566FD838F2}"
EndProject
Project("{8BC9CEB8-8B4A-11D0-8D11-00A0C91BC942}") = "AvsFilterNet", "AvsFilterNet\AvsFilterNet\AvsFilterNet.vcxproj", "{6679C5BF-BD2A-454F-9A97-719A00CD5BE0}"
EndProject
Project("{8BC9CEB8-8B4A-11D0-8D11-00A0C91BC942}") = "AutoOverlayNative", "AutoOverlayNative\AutoOverlayNative.vcxproj", "{901C78BA-C997-418D-90CC-3D5EE93EE220}"
	ProjectSection(ProjectDependencies) = postProject
		{6679C5BF-BD2A-454F-9A97-719A00CD5BE0} = {6679C5BF-BD2A-454F-9A97-719A00CD5BE0}
	EndProjectSection
EndProject
Project("{FAE04EC0-301F-11D3-BF4B-00C04F79EFBC}") = "AutoOverlayTests", "AutoOverlayTests\AutoOverlayTests.csproj", "{DFCC8BE2-06DB-44F9-95D8-1AD92760C830}"
EndProject
Global
	GlobalSection(SolutionConfigurationPlatforms) = preSolution
		Debug|Any CPU = Debug|Any CPU
		Debug|x64 = Debug|x64
		Debug|x86 = Debug|x86
		Release|Any CPU = Release|Any CPU
		Release|x64 = Release|x64
		Release|x86 = Release|x86
	EndGlobalSection
	GlobalSection(ProjectConfigurationPlatforms) = postSolution
		{570FD8EE-8E77-4AB2-A985-EA566FD838F2}.Debug|Any CPU.ActiveCfg = Debug|Any CPU
		{570FD8EE-8E77-4AB2-A985-EA566FD838F2}.Debug|Any CPU.Build.0 = Debug|Any CPU
		{570FD8EE-8E77-4AB2-A985-EA566FD838F2}.Debug|x64.ActiveCfg = Debug|Any CPU
		{570FD8EE-8E77-4AB2-A985-EA566FD838F2}.Debug|x64.Build.0 = Debug|Any CPU
		{570FD8EE-8E77-4AB2-A985-EA566FD838F2}.Debug|x86.ActiveCfg = Debug|Any CPU
		{570FD8EE-8E77-4AB2-A985-EA566FD838F2}.Debug|x86.Build.0 = Debug|Any CPU
		{570FD8EE-8E77-4AB2-A985-EA566FD838F2}.Release|Any CPU.ActiveCfg = Release|Any CPU
		{570FD8EE-8E77-4AB2-A985-EA566FD838F2}.Release|Any CPU.Build.0 = Release|Any CPU
		{570FD8EE-8E77-4AB2-A985-EA566FD838F2}.Release|x64.ActiveCfg = Release|x64
		{570FD8EE-8E77-4AB2-A985-EA566FD838F2}.Release|x64.Build.0 = Release|x64
		{570FD8EE-8E77-4AB2-A985-EA566FD838F2}.Release|x86.ActiveCfg = Release|x86
		{570FD8EE-8E77-4AB2-A985-EA566FD838F2}.Release|x86.Build.0 = Release|x86
		{6679C5BF-BD2A-454F-9A97-719A00CD5BE0}.Debug|Any CPU.ActiveCfg = Debug|x64
		{6679C5BF-BD2A-454F-9A97-719A00CD5BE0}.Debug|Any CPU.Build.0 = Debug|x64
		{6679C5BF-BD2A-454F-9A97-719A00CD5BE0}.Debug|x64.ActiveCfg = Debug|x64
		{6679C5BF-BD2A-454F-9A97-719A00CD5BE0}.Debug|x64.Build.0 = Debug|x64
		{6679C5BF-BD2A-454F-9A97-719A00CD5BE0}.Debug|x86.ActiveCfg = Debug|Win32
		{6679C5BF-BD2A-454F-9A97-719A00CD5BE0}.Debug|x86.Build.0 = Debug|Win32
		{6679C5BF-BD2A-454F-9A97-719A00CD5BE0}.Release|Any CPU.ActiveCfg = Release|Win32
		{6679C5BF-BD2A-454F-9A97-719A00CD5BE0}.Release|Any CPU.Build.0 = Release|Win32
		{6679C5BF-BD2A-454F-9A97-719A00CD5BE0}.Release|x64.ActiveCfg = Release|x64
		{6679C5BF-BD2A-454F-9A97-719A00CD5BE0}.Release|x64.Build.0 = Release|x64
		{6679C5BF-BD2A-454F-9A97-719A00CD5BE0}.Release|x86.ActiveCfg = Release|Win32
		{6679C5BF-BD2A-454F-9A97-719A00CD5BE0}.Release|x86.Build.0 = Release|Win32
		{901C78BA-C997-418D-90CC-3D5EE93EE220}.Debug|Any CPU.ActiveCfg = Debug|Win32
		{901C78BA-C997-418D-90CC-3D5EE93EE220}.Debug|x64.ActiveCfg = Debug|x64
		{901C78BA-C997-418D-90CC-3D5EE93EE220}.Debug|x64.Build.0 = Debug|x64
		{901C78BA-C997-418D-90CC-3D5EE93EE220}.Debug|x86.ActiveCfg = Debug|Win32
		{901C78BA-C997-418D-90CC-3D5EE93EE220}.Debug|x86.Build.0 = Debug|Win32
		{901C78BA-C997-418D-90CC-3D5EE93EE220}.Release|Any CPU.ActiveCfg = Release|Win32
		{901C78BA-C997-418D-90CC-3D5EE93EE220}.Release|Any CPU.Build.0 = Release|Win32
		{901C78BA-C997-418D-90CC-3D5EE93EE220}.Release|x64.ActiveCfg = Release|x64
		{901C78BA-C997-418D-90CC-3D5EE93EE220}.Release|x64.Build.0 = Release|x64
		{901C78BA-C997-418D-90CC-3D5EE93EE220}.Release|x86.ActiveCfg = Release|Win32
		{901C78BA-C997-418D-90CC-3D5EE93EE220}.Release|x86.Build.0 = Release|Win32
		{DFCC8BE2-06DB-44F9-95D8-1AD92760C830}.Debug|Any CPU.ActiveCfg = Debug|Any CPU
		{DFCC8BE2-06DB-44F9-95D8-1AD92760C830}.Debug|Any CPU.Build.0 = Debug|Any CPU
		{DFCC8BE2-06DB-44F9-95D8-1AD92760C830}.Debug|x64.ActiveCfg = Debug|Any CPU
		{DFCC8BE2-06DB-44F9-95D8-1AD92760C830}.Debug|x64.Build.0 = Debug|Any CPU
		{DFCC8BE2-06DB-44F9-95D8-1AD92760C830}.Debug|x86.ActiveCfg = Debug|Any CPU
		{DFCC8BE2-06DB-44F9-95D8-1AD92760C830}.Debug|x86.Build.0 = Debug|Any CPU
		{DFCC8BE2-06DB-44F9-95D8-1AD92760C830}.Release|Any CPU.ActiveCfg = Release|Any CPU
		{DFCC8BE2-06DB-44F9-95D8-1AD92760C830}.Release|Any CPU.Build.0 = Release|Any CPU
		{DFCC8BE2-06DB-44F9-95D8-1AD92760C830}.Release|x64.ActiveCfg = Release|Any CPU
		{DFCC8BE2-06DB-44F9-95D8-1AD92760C830}.Release|x64.Build.0 = Release|Any CPU
		{DFCC8BE2-06DB-44F9-95D8-1AD92760C830}.Release|x86.ActiveCfg = Release|Any CPU
		{DFCC8BE2-06DB-44F9-95D8-1AD92760C830}.Release|x86.Build.0 = Release|Any CPU
	EndGlobalSection
	GlobalSection(SolutionProperties) = preSolution
		HideSolutionNode = FALSE
	EndGlobalSection
	GlobalSection(ExtensibilityGlobals) = postSolution
		SolutionGuid = {0FCC8C2F-F9F4-426F-945B-DC309741E684}
	EndGlobalSection
EndGlobal
