
Microsoft Visual Studio Solution File, Format Version 12.00
# Visual Studio Version 17
VisualStudioVersion = 17.2.32630.192
MinimumVisualStudioVersion = 10.0.40219.1
Project("{FAE04EC0-301F-11D3-BF4B-00C04F79EFBC}") = "AutoOverlay", "AutoOverlay\AutoOverlay.csproj", "{570FD8EE-8E77-4AB2-A985-EA566FD838F2}"
EndProject
Project("{8BC9CEB8-8B4A-11D0-8D11-00A0C91BC942}") = "AvsFilterNet", "AvsFilterNet\AvsFilterNet\AvsFilterNet.vcxproj", "{6679C5BF-BD2A-454F-9A97-719A00CD5BE0}"
EndProject
Project("{8BC9CEB8-8B4A-11D0-8D11-00A0C91BC942}") = "AutoOverlayNative", "AutoOverlayNative\AutoOverlayNative.vcxproj", "{901C78BA-C997-418D-90CC-3D5EE93EE220}"
	ProjectSection(ProjectDependencies) = postProject
		{C809D7A3-6C52-4E36-8582-00CED929317D} = {C809D7A3-6C52-4E36-8582-00CED929317D}
	EndProjectSection
EndProject
Project("{FAE04EC0-301F-11D3-BF4B-00C04F79EFBC}") = "AutoOverlayTests", "AutoOverlayTests\AutoOverlayTests.csproj", "{DFCC8BE2-06DB-44F9-95D8-1AD92760C830}"
EndProject
Project("{2150E333-8FDC-42A3-9474-1A3956D46DE8}") = "SimdParent", "SimdParent", "{AD94398D-CB8D-48E3-A886-04C6FD32A302}"
EndProject
Project("{8BC9CEB8-8B4A-11D0-8D11-00A0C91BC942}") = "Simd", "Simd\prj\vs2022\Simd.vcxproj", "{C809D7A3-6C52-4E36-8582-00CED929317D}"
EndProject
Project("{8BC9CEB8-8B4A-11D0-8D11-00A0C91BC942}") = "Base", "Simd\prj\vs2022\Base.vcxproj", "{1622C4EF-06A4-4DAA-9631-5D71B32858A2}"
EndProject
Project("{2150E333-8FDC-42A3-9474-1A3956D46DE8}") = "x86", "x86", "{2BB8636F-350D-4D98-8236-298289378A47}"
EndProject
Project("{8BC9CEB8-8B4A-11D0-8D11-00A0C91BC942}") = "Sse2", "Simd\prj\vs2022\Sse2.vcxproj", "{01BFB333-09D1-4D8E-85C0-C05D333CF807}"
EndProject
Project("{8BC9CEB8-8B4A-11D0-8D11-00A0C91BC942}") = "Sse41", "Simd\prj\vs2022\Sse41.vcxproj", "{50073D4B-E2EF-4FA5-9868-380C4A4DAE0C}"
EndProject
Project("{8BC9CEB8-8B4A-11D0-8D11-00A0C91BC942}") = "Avx1", "Simd\prj\vs2022\Avx1.vcxproj", "{D6E29B9B-EE2D-4339-8417-DCADC283884F}"
EndProject
Project("{8BC9CEB8-8B4A-11D0-8D11-00A0C91BC942}") = "Avx2", "Simd\prj\vs2022\Avx2.vcxproj", "{4C82474F-3B9A-4B92-AC74-2434CA1D5064}"
EndProject
Project("{2150E333-8FDC-42A3-9474-1A3956D46DE8}") = "128", "128", "{F13CB67A-CC8A-4D33-8C6B-F554868996AE}"
EndProject
Project("{2150E333-8FDC-42A3-9474-1A3956D46DE8}") = "256", "256", "{FBF95E54-E5F2-4BFD-92A0-C498D88A9C2E}"
EndProject
Project("{2150E333-8FDC-42A3-9474-1A3956D46DE8}") = "512", "512", "{2C812A8E-0CF0-42B6-B817-3C4234A0657D}"
EndProject
Project("{8BC9CEB8-8B4A-11D0-8D11-00A0C91BC942}") = "Avx512bw", "Simd\prj\vs2022\Avx512bw.vcxproj", "{3E24DA78-24E3-41D2-9066-54C75BE13B90}"
EndProject
Project("{8BC9CEB8-8B4A-11D0-8D11-00A0C91BC942}") = "Avx512vnni", "Simd\prj\vs2022\Avx512vnni.vcxproj", "{E89969DE-D5F1-44C5-81AF-A4283851090B}"
EndProject
Project("{8BC9CEB8-8B4A-11D0-8D11-00A0C91BC942}") = "Avx512bf16", "Simd\prj\vs2022\Avx512bf16.vcxproj", "{8023D218-C0D2-48AD-AD1B-0D4E6B1DE7BE}"
EndProject
Project("{2150E333-8FDC-42A3-9474-1A3956D46DE8}") = "amx", "amx", "{F326BA8C-473C-4FFA-A176-2B27F3E250B0}"
EndProject
Project("{8BC9CEB8-8B4A-11D0-8D11-00A0C91BC942}") = "Amx", "Simd\prj\vs2022\Amx.vcxproj", "{3E68D81A-DBC0-47B4-912B-7C9EFCE28B6F}"
EndProject
Global
	GlobalSection(SolutionConfigurationPlatforms) = preSolution
		Debug|Any CPU = Debug|Any CPU
		Debug|x64 = Debug|x64
		Debug|x86 = Debug|x86
		Release|Any CPU = Release|Any CPU
		Release|x64 = Release|x64
		Release|x86 = Release|x86
	EndGlobalSection
	GlobalSection(ProjectConfigurationPlatforms) = postSolution
		{570FD8EE-8E77-4AB2-A985-EA566FD838F2}.Debug|Any CPU.ActiveCfg = Debug|Any CPU
		{570FD8EE-8E77-4AB2-A985-EA566FD838F2}.Debug|Any CPU.Build.0 = Debug|Any CPU
		{570FD8EE-8E77-4AB2-A985-EA566FD838F2}.Debug|x64.ActiveCfg = Debug|Any CPU
		{570FD8EE-8E77-4AB2-A985-EA566FD838F2}.Debug|x64.Build.0 = Debug|Any CPU
		{570FD8EE-8E77-4AB2-A985-EA566FD838F2}.Debug|x86.ActiveCfg = Debug|Any CPU
		{570FD8EE-8E77-4AB2-A985-EA566FD838F2}.Debug|x86.Build.0 = Debug|Any CPU
		{570FD8EE-8E77-4AB2-A985-EA566FD838F2}.Release|Any CPU.ActiveCfg = Release|Any CPU
		{570FD8EE-8E77-4AB2-A985-EA566FD838F2}.Release|Any CPU.Build.0 = Release|Any CPU
		{570FD8EE-8E77-4AB2-A985-EA566FD838F2}.Release|x64.ActiveCfg = Release|Any CPU
		{570FD8EE-8E77-4AB2-A985-EA566FD838F2}.Release|x64.Build.0 = Release|Any CPU
		{570FD8EE-8E77-4AB2-A985-EA566FD838F2}.Release|x86.ActiveCfg = Release|Any CPU
		{570FD8EE-8E77-4AB2-A985-EA566FD838F2}.Release|x86.Build.0 = Release|Any CPU
		{6679C5BF-BD2A-454F-9A97-719A00CD5BE0}.Debug|Any CPU.ActiveCfg = Debug|x64
		{6679C5BF-BD2A-454F-9A97-719A00CD5BE0}.Debug|Any CPU.Build.0 = Debug|x64
		{6679C5BF-BD2A-454F-9A97-719A00CD5BE0}.Debug|x64.ActiveCfg = Debug|x64
		{6679C5BF-BD2A-454F-9A97-719A00CD5BE0}.Debug|x64.Build.0 = Debug|x64
		{6679C5BF-BD2A-454F-9A97-719A00CD5BE0}.Debug|x86.ActiveCfg = Debug|Win32
		{6679C5BF-BD2A-454F-9A97-719A00CD5BE0}.Debug|x86.Build.0 = Debug|Win32
		{6679C5BF-BD2A-454F-9A97-719A00CD5BE0}.Release|Any CPU.ActiveCfg = Release|Win32
		{6679C5BF-BD2A-454F-9A97-719A00CD5BE0}.Release|Any CPU.Build.0 = Release|Win32
		{6679C5BF-BD2A-454F-9A97-719A00CD5BE0}.Release|x64.ActiveCfg = Release|x64
		{6679C5BF-BD2A-454F-9A97-719A00CD5BE0}.Release|x64.Build.0 = Release|x64
		{6679C5BF-BD2A-454F-9A97-719A00CD5BE0}.Release|x86.ActiveCfg = Release|Win32
		{6679C5BF-BD2A-454F-9A97-719A00CD5BE0}.Release|x86.Build.0 = Release|Win32
		{901C78BA-C997-418D-90CC-3D5EE93EE220}.Debug|Any CPU.ActiveCfg = Debug|Win32
		{901C78BA-C997-418D-90CC-3D5EE93EE220}.Debug|x64.ActiveCfg = Debug|x64
		{901C78BA-C997-418D-90CC-3D5EE93EE220}.Debug|x64.Build.0 = Debug|x64
		{901C78BA-C997-418D-90CC-3D5EE93EE220}.Debug|x86.ActiveCfg = Debug|Win32
		{901C78BA-C997-418D-90CC-3D5EE93EE220}.Debug|x86.Build.0 = Debug|Win32
		{901C78BA-C997-418D-90CC-3D5EE93EE220}.Release|Any CPU.ActiveCfg = Release|Win32
		{901C78BA-C997-418D-90CC-3D5EE93EE220}.Release|Any CPU.Build.0 = Release|Win32
		{901C78BA-C997-418D-90CC-3D5EE93EE220}.Release|x64.ActiveCfg = Release|x64
		{901C78BA-C997-418D-90CC-3D5EE93EE220}.Release|x64.Build.0 = Release|x64
		{901C78BA-C997-418D-90CC-3D5EE93EE220}.Release|x86.ActiveCfg = Release|Win32
		{901C78BA-C997-418D-90CC-3D5EE93EE220}.Release|x86.Build.0 = Release|Win32
		{DFCC8BE2-06DB-44F9-95D8-1AD92760C830}.Debug|Any CPU.ActiveCfg = Debug|Any CPU
		{DFCC8BE2-06DB-44F9-95D8-1AD92760C830}.Debug|Any CPU.Build.0 = Debug|Any CPU
		{DFCC8BE2-06DB-44F9-95D8-1AD92760C830}.Debug|x64.ActiveCfg = Debug|Any CPU
		{DFCC8BE2-06DB-44F9-95D8-1AD92760C830}.Debug|x64.Build.0 = Debug|Any CPU
		{DFCC8BE2-06DB-44F9-95D8-1AD92760C830}.Debug|x86.ActiveCfg = Debug|Any CPU
		{DFCC8BE2-06DB-44F9-95D8-1AD92760C830}.Debug|x86.Build.0 = Debug|Any CPU
		{DFCC8BE2-06DB-44F9-95D8-1AD92760C830}.Release|Any CPU.ActiveCfg = Release|Any CPU
		{DFCC8BE2-06DB-44F9-95D8-1AD92760C830}.Release|Any CPU.Build.0 = Release|Any CPU
		{DFCC8BE2-06DB-44F9-95D8-1AD92760C830}.Release|x64.ActiveCfg = Release|Any CPU
		{DFCC8BE2-06DB-44F9-95D8-1AD92760C830}.Release|x64.Build.0 = Release|Any CPU
		{DFCC8BE2-06DB-44F9-95D8-1AD92760C830}.Release|x86.ActiveCfg = Release|Any CPU
		{DFCC8BE2-06DB-44F9-95D8-1AD92760C830}.Release|x86.Build.0 = Release|Any CPU
		{C809D7A3-6C52-4E36-8582-00CED929317D}.Debug|Any CPU.ActiveCfg = Debug|x64
		{C809D7A3-6C52-4E36-8582-00CED929317D}.Debug|Any CPU.Build.0 = Debug|x64
		{C809D7A3-6C52-4E36-8582-00CED929317D}.Debug|x64.ActiveCfg = Debug|x64
		{C809D7A3-6C52-4E36-8582-00CED929317D}.Debug|x64.Build.0 = Debug|x64
		{C809D7A3-6C52-4E36-8582-00CED929317D}.Debug|x86.ActiveCfg = Debug|Win32
		{C809D7A3-6C52-4E36-8582-00CED929317D}.Debug|x86.Build.0 = Debug|Win32
		{C809D7A3-6C52-4E36-8582-00CED929317D}.Release|Any CPU.ActiveCfg = Release|x64
		{C809D7A3-6C52-4E36-8582-00CED929317D}.Release|Any CPU.Build.0 = Release|x64
		{C809D7A3-6C52-4E36-8582-00CED929317D}.Release|x64.ActiveCfg = Release|x64
		{C809D7A3-6C52-4E36-8582-00CED929317D}.Release|x64.Build.0 = Release|x64
		{C809D7A3-6C52-4E36-8582-00CED929317D}.Release|x86.ActiveCfg = Release|Win32
		{C809D7A3-6C52-4E36-8582-00CED929317D}.Release|x86.Build.0 = Release|Win32
		{1622C4EF-06A4-4DAA-9631-5D71B32858A2}.Debug|Any CPU.ActiveCfg = Debug|x64
		{1622C4EF-06A4-4DAA-9631-5D71B32858A2}.Debug|Any CPU.Build.0 = Debug|x64
		{1622C4EF-06A4-4DAA-9631-5D71B32858A2}.Debug|x64.ActiveCfg = Debug|x64
		{1622C4EF-06A4-4DAA-9631-5D71B32858A2}.Debug|x64.Build.0 = Debug|x64
		{1622C4EF-06A4-4DAA-9631-5D71B32858A2}.Debug|x86.ActiveCfg = Debug|Win32
		{1622C4EF-06A4-4DAA-9631-5D71B32858A2}.Debug|x86.Build.0 = Debug|Win32
		{1622C4EF-06A4-4DAA-9631-5D71B32858A2}.Release|Any CPU.ActiveCfg = Release|x64
		{1622C4EF-06A4-4DAA-9631-5D71B32858A2}.Release|Any CPU.Build.0 = Release|x64
		{1622C4EF-06A4-4DAA-9631-5D71B32858A2}.Release|x64.ActiveCfg = Release|x64
		{1622C4EF-06A4-4DAA-9631-5D71B32858A2}.Release|x64.Build.0 = Release|x64
		{1622C4EF-06A4-4DAA-9631-5D71B32858A2}.Release|x86.ActiveCfg = Release|Win32
		{1622C4EF-06A4-4DAA-9631-5D71B32858A2}.Release|x86.Build.0 = Release|Win32
		{01BFB333-09D1-4D8E-85C0-C05D333CF807}.Debug|Any CPU.ActiveCfg = Debug|x64
		{01BFB333-09D1-4D8E-85C0-C05D333CF807}.Debug|Any CPU.Build.0 = Debug|x64
		{01BFB333-09D1-4D8E-85C0-C05D333CF807}.Debug|x64.ActiveCfg = Debug|x64
		{01BFB333-09D1-4D8E-85C0-C05D333CF807}.Debug|x64.Build.0 = Debug|x64
		{01BFB333-09D1-4D8E-85C0-C05D333CF807}.Debug|x86.ActiveCfg = Debug|Win32
		{01BFB333-09D1-4D8E-85C0-C05D333CF807}.Debug|x86.Build.0 = Debug|Win32
		{01BFB333-09D1-4D8E-85C0-C05D333CF807}.Release|Any CPU.ActiveCfg = Release|x64
		{01BFB333-09D1-4D8E-85C0-C05D333CF807}.Release|Any CPU.Build.0 = Release|x64
		{01BFB333-09D1-4D8E-85C0-C05D333CF807}.Release|x64.ActiveCfg = Release|x64
		{01BFB333-09D1-4D8E-85C0-C05D333CF807}.Release|x64.Build.0 = Release|x64
		{01BFB333-09D1-4D8E-85C0-C05D333CF807}.Release|x86.ActiveCfg = Release|Win32
		{01BFB333-09D1-4D8E-85C0-C05D333CF807}.Release|x86.Build.0 = Release|Win32
		{50073D4B-E2EF-4FA5-9868-380C4A4DAE0C}.Debug|Any CPU.ActiveCfg = Debug|x64
		{50073D4B-E2EF-4FA5-9868-380C4A4DAE0C}.Debug|Any CPU.Build.0 = Debug|x64
		{50073D4B-E2EF-4FA5-9868-380C4A4DAE0C}.Debug|x64.ActiveCfg = Debug|x64
		{50073D4B-E2EF-4FA5-9868-380C4A4DAE0C}.Debug|x64.Build.0 = Debug|x64
		{50073D4B-E2EF-4FA5-9868-380C4A4DAE0C}.Debug|x86.ActiveCfg = Debug|Win32
		{50073D4B-E2EF-4FA5-9868-380C4A4DAE0C}.Debug|x86.Build.0 = Debug|Win32
		{50073D4B-E2EF-4FA5-9868-380C4A4DAE0C}.Release|Any CPU.ActiveCfg = Release|x64
		{50073D4B-E2EF-4FA5-9868-380C4A4DAE0C}.Release|Any CPU.Build.0 = Release|x64
		{50073D4B-E2EF-4FA5-9868-380C4A4DAE0C}.Release|x64.ActiveCfg = Release|x64
		{50073D4B-E2EF-4FA5-9868-380C4A4DAE0C}.Release|x64.Build.0 = Release|x64
		{50073D4B-E2EF-4FA5-9868-380C4A4DAE0C}.Release|x86.ActiveCfg = Release|Win32
		{50073D4B-E2EF-4FA5-9868-380C4A4DAE0C}.Release|x86.Build.0 = Release|Win32
		{D6E29B9B-EE2D-4339-8417-DCADC283884F}.Debug|Any CPU.ActiveCfg = Debug|x64
		{D6E29B9B-EE2D-4339-8417-DCADC283884F}.Debug|Any CPU.Build.0 = Debug|x64
		{D6E29B9B-EE2D-4339-8417-DCADC283884F}.Debug|x64.ActiveCfg = Debug|x64
		{D6E29B9B-EE2D-4339-8417-DCADC283884F}.Debug|x64.Build.0 = Debug|x64
		{D6E29B9B-EE2D-4339-8417-DCADC283884F}.Debug|x86.ActiveCfg = Debug|Win32
		{D6E29B9B-EE2D-4339-8417-DCADC283884F}.Debug|x86.Build.0 = Debug|Win32
		{D6E29B9B-EE2D-4339-8417-DCADC283884F}.Release|Any CPU.ActiveCfg = Release|x64
		{D6E29B9B-EE2D-4339-8417-DCADC283884F}.Release|Any CPU.Build.0 = Release|x64
		{D6E29B9B-EE2D-4339-8417-DCADC283884F}.Release|x64.ActiveCfg = Release|x64
		{D6E29B9B-EE2D-4339-8417-DCADC283884F}.Release|x64.Build.0 = Release|x64
		{D6E29B9B-EE2D-4339-8417-DCADC283884F}.Release|x86.ActiveCfg = Release|Win32
		{D6E29B9B-EE2D-4339-8417-DCADC283884F}.Release|x86.Build.0 = Release|Win32
		{4C82474F-3B9A-4B92-AC74-2434CA1D5064}.Debug|Any CPU.ActiveCfg = Debug|x64
		{4C82474F-3B9A-4B92-AC74-2434CA1D5064}.Debug|Any CPU.Build.0 = Debug|x64
		{4C82474F-3B9A-4B92-AC74-2434CA1D5064}.Debug|x64.ActiveCfg = Debug|x64
		{4C82474F-3B9A-4B92-AC74-2434CA1D5064}.Debug|x64.Build.0 = Debug|x64
		{4C82474F-3B9A-4B92-AC74-2434CA1D5064}.Debug|x86.ActiveCfg = Debug|Win32
		{4C82474F-3B9A-4B92-AC74-2434CA1D5064}.Debug|x86.Build.0 = Debug|Win32
		{4C82474F-3B9A-4B92-AC74-2434CA1D5064}.Release|Any CPU.ActiveCfg = Release|x64
		{4C82474F-3B9A-4B92-AC74-2434CA1D5064}.Release|Any CPU.Build.0 = Release|x64
		{4C82474F-3B9A-4B92-AC74-2434CA1D5064}.Release|x64.ActiveCfg = Release|x64
		{4C82474F-3B9A-4B92-AC74-2434CA1D5064}.Release|x64.Build.0 = Release|x64
		{4C82474F-3B9A-4B92-AC74-2434CA1D5064}.Release|x86.ActiveCfg = Release|Win32
		{4C82474F-3B9A-4B92-AC74-2434CA1D5064}.Release|x86.Build.0 = Release|Win32
		{3E24DA78-24E3-41D2-9066-54C75BE13B90}.Debug|Any CPU.ActiveCfg = Debug|x64
		{3E24DA78-24E3-41D2-9066-54C75BE13B90}.Debug|Any CPU.Build.0 = Debug|x64
		{3E24DA78-24E3-41D2-9066-54C75BE13B90}.Debug|x64.ActiveCfg = Debug|x64
		{3E24DA78-24E3-41D2-9066-54C75BE13B90}.Debug|x64.Build.0 = Debug|x64
		{3E24DA78-24E3-41D2-9066-54C75BE13B90}.Debug|x86.ActiveCfg = Debug|Win32
		{3E24DA78-24E3-41D2-9066-54C75BE13B90}.Debug|x86.Build.0 = Debug|Win32
		{3E24DA78-24E3-41D2-9066-54C75BE13B90}.Release|Any CPU.ActiveCfg = Release|x64
		{3E24DA78-24E3-41D2-9066-54C75BE13B90}.Release|Any CPU.Build.0 = Release|x64
		{3E24DA78-24E3-41D2-9066-54C75BE13B90}.Release|x64.ActiveCfg = Release|x64
		{3E24DA78-24E3-41D2-9066-54C75BE13B90}.Release|x64.Build.0 = Release|x64
		{3E24DA78-24E3-41D2-9066-54C75BE13B90}.Release|x86.ActiveCfg = Release|Win32
		{3E24DA78-24E3-41D2-9066-54C75BE13B90}.Release|x86.Build.0 = Release|Win32
		{E89969DE-D5F1-44C5-81AF-A4283851090B}.Debug|Any CPU.ActiveCfg = Debug|x64
		{E89969DE-D5F1-44C5-81AF-A4283851090B}.Debug|Any CPU.Build.0 = Debug|x64
		{E89969DE-D5F1-44C5-81AF-A4283851090B}.Debug|x64.ActiveCfg = Debug|x64
		{E89969DE-D5F1-44C5-81AF-A4283851090B}.Debug|x64.Build.0 = Debug|x64
		{E89969DE-D5F1-44C5-81AF-A4283851090B}.Debug|x86.ActiveCfg = Debug|Win32
		{E89969DE-D5F1-44C5-81AF-A4283851090B}.Debug|x86.Build.0 = Debug|Win32
		{E89969DE-D5F1-44C5-81AF-A4283851090B}.Release|Any CPU.ActiveCfg = Release|x64
		{E89969DE-D5F1-44C5-81AF-A4283851090B}.Release|Any CPU.Build.0 = Release|x64
		{E89969DE-D5F1-44C5-81AF-A4283851090B}.Release|x64.ActiveCfg = Release|x64
		{E89969DE-D5F1-44C5-81AF-A4283851090B}.Release|x64.Build.0 = Release|x64
		{E89969DE-D5F1-44C5-81AF-A4283851090B}.Release|x86.ActiveCfg = Release|Win32
		{E89969DE-D5F1-44C5-81AF-A4283851090B}.Release|x86.Build.0 = Release|Win32
		{8023D218-C0D2-48AD-AD1B-0D4E6B1DE7BE}.Debug|Any CPU.ActiveCfg = Debug|x64
		{8023D218-C0D2-48AD-AD1B-0D4E6B1DE7BE}.Debug|Any CPU.Build.0 = Debug|x64
		{8023D218-C0D2-48AD-AD1B-0D4E6B1DE7BE}.Debug|x64.ActiveCfg = Debug|x64
		{8023D218-C0D2-48AD-AD1B-0D4E6B1DE7BE}.Debug|x64.Build.0 = Debug|x64
		{8023D218-C0D2-48AD-AD1B-0D4E6B1DE7BE}.Debug|x86.ActiveCfg = Debug|Win32
		{8023D218-C0D2-48AD-AD1B-0D4E6B1DE7BE}.Debug|x86.Build.0 = Debug|Win32
		{8023D218-C0D2-48AD-AD1B-0D4E6B1DE7BE}.Release|Any CPU.ActiveCfg = Release|x64
		{8023D218-C0D2-48AD-AD1B-0D4E6B1DE7BE}.Release|Any CPU.Build.0 = Release|x64
		{8023D218-C0D2-48AD-AD1B-0D4E6B1DE7BE}.Release|x64.ActiveCfg = Release|x64
		{8023D218-C0D2-48AD-AD1B-0D4E6B1DE7BE}.Release|x64.Build.0 = Release|x64
		{8023D218-C0D2-48AD-AD1B-0D4E6B1DE7BE}.Release|x86.ActiveCfg = Release|Win32
		{8023D218-C0D2-48AD-AD1B-0D4E6B1DE7BE}.Release|x86.Build.0 = Release|Win32
		{3E68D81A-DBC0-47B4-912B-7C9EFCE28B6F}.Debug|Any CPU.ActiveCfg = Debug|x64
		{3E68D81A-DBC0-47B4-912B-7C9EFCE28B6F}.Debug|Any CPU.Build.0 = Debug|x64
		{3E68D81A-DBC0-47B4-912B-7C9EFCE28B6F}.Debug|x64.ActiveCfg = Debug|x64
		{3E68D81A-DBC0-47B4-912B-7C9EFCE28B6F}.Debug|x64.Build.0 = Debug|x64
		{3E68D81A-DBC0-47B4-912B-7C9EFCE28B6F}.Debug|x86.ActiveCfg = Debug|Win32
		{3E68D81A-DBC0-47B4-912B-7C9EFCE28B6F}.Debug|x86.Build.0 = Debug|Win32
		{3E68D81A-DBC0-47B4-912B-7C9EFCE28B6F}.Release|Any CPU.ActiveCfg = Release|x64
		{3E68D81A-DBC0-47B4-912B-7C9EFCE28B6F}.Release|Any CPU.Build.0 = Release|x64
		{3E68D81A-DBC0-47B4-912B-7C9EFCE28B6F}.Release|x64.ActiveCfg = Release|x64
		{3E68D81A-DBC0-47B4-912B-7C9EFCE28B6F}.Release|x64.Build.0 = Release|x64
		{3E68D81A-DBC0-47B4-912B-7C9EFCE28B6F}.Release|x86.ActiveCfg = Release|Win32
		{3E68D81A-DBC0-47B4-912B-7C9EFCE28B6F}.Release|x86.Build.0 = Release|Win32
	EndGlobalSection
	GlobalSection(SolutionProperties) = preSolution
		HideSolutionNode = FALSE
	EndGlobalSection
	GlobalSection(NestedProjects) = preSolution
		{C809D7A3-6C52-4E36-8582-00CED929317D} = {AD94398D-CB8D-48E3-A886-04C6FD32A302}
		{1622C4EF-06A4-4DAA-9631-5D71B32858A2} = {AD94398D-CB8D-48E3-A886-04C6FD32A302}
		{2BB8636F-350D-4D98-8236-298289378A47} = {AD94398D-CB8D-48E3-A886-04C6FD32A302}
		{01BFB333-09D1-4D8E-85C0-C05D333CF807} = {F13CB67A-CC8A-4D33-8C6B-F554868996AE}
		{50073D4B-E2EF-4FA5-9868-380C4A4DAE0C} = {F13CB67A-CC8A-4D33-8C6B-F554868996AE}
		{D6E29B9B-EE2D-4339-8417-DCADC283884F} = {FBF95E54-E5F2-4BFD-92A0-C498D88A9C2E}
		{4C82474F-3B9A-4B92-AC74-2434CA1D5064} = {FBF95E54-E5F2-4BFD-92A0-C498D88A9C2E}
		{F13CB67A-CC8A-4D33-8C6B-F554868996AE} = {2BB8636F-350D-4D98-8236-298289378A47}
		{FBF95E54-E5F2-4BFD-92A0-C498D88A9C2E} = {2BB8636F-350D-4D98-8236-298289378A47}
		{2C812A8E-0CF0-42B6-B817-3C4234A0657D} = {2BB8636F-350D-4D98-8236-298289378A47}
		{3E24DA78-24E3-41D2-9066-54C75BE13B90} = {2C812A8E-0CF0-42B6-B817-3C4234A0657D}
		{E89969DE-D5F1-44C5-81AF-A4283851090B} = {2C812A8E-0CF0-42B6-B817-3C4234A0657D}
		{8023D218-C0D2-48AD-AD1B-0D4E6B1DE7BE} = {2C812A8E-0CF0-42B6-B817-3C4234A0657D}
		{F326BA8C-473C-4FFA-A176-2B27F3E250B0} = {2BB8636F-350D-4D98-8236-298289378A47}
		{3E68D81A-DBC0-47B4-912B-7C9EFCE28B6F} = {F326BA8C-473C-4FFA-A176-2B27F3E250B0}
	EndGlobalSection
	GlobalSection(ExtensibilityGlobals) = postSolution
		SolutionGuid = {0FCC8C2F-F9F4-426F-945B-DC309741E684}
	EndGlobalSection
EndGlobal
